// !$*UTF8*$!
{
	archiveVersion = 1;
	classes = {
	};
	objectVersion = 46;
	objects = {

/* Begin PBXBuildFile section */
		85BC2E0DC2D8B9EDB7C53A39 /* libPods-YueAi.a in Frameworks */ = {isa = PBXBuildFile; fileRef = 60C508564474F1EF994EC93B /* libPods-YueAi.a */; };
		B90D75F01CF6EDF700964D3D /* main.m in Sources */ = {isa = PBXBuildFile; fileRef = B90D75EF1CF6EDF700964D3D /* main.m */; };
		B90D75F31CF6EDF700964D3D /* AppDelegate.m in Sources */ = {isa = PBXBuildFile; fileRef = B90D75F21CF6EDF700964D3D /* AppDelegate.m */; };
		B90D75F91CF6EDF700964D3D /* Main.storyboard in Resources */ = {isa = PBXBuildFile; fileRef = B90D75F71CF6EDF700964D3D /* Main.storyboard */; };
		B90D75FB1CF6EDF700964D3D /* Assets.xcassets in Resources */ = {isa = PBXBuildFile; fileRef = B90D75FA1CF6EDF700964D3D /* Assets.xcassets */; };
		B90D75FE1CF6EDF700964D3D /* LaunchScreen.storyboard in Resources */ = {isa = PBXBuildFile; fileRef = B90D75FC1CF6EDF700964D3D /* LaunchScreen.storyboard */; };
		B927840C1D01787B009715E5 /* BaseNavigationController.m in Sources */ = {isa = PBXBuildFile; fileRef = B927840B1D01787B009715E5 /* BaseNavigationController.m */; };
		B93C64141D1CDE1B000F1921 /* Search.storyboard in Resources */ = {isa = PBXBuildFile; fileRef = B93C640F1D1CDE1B000F1921 /* Search.storyboard */; };
		B93C64151D1CDE1B000F1921 /* SearchViewController.m in Sources */ = {isa = PBXBuildFile; fileRef = B93C64111D1CDE1B000F1921 /* SearchViewController.m */; };
		B93C64181D1CDE89000F1921 /* GirlCell.m in Sources */ = {isa = PBXBuildFile; fileRef = B93C64171D1CDE89000F1921 /* GirlCell.m */; };
		B93C641A1D1CDE9C000F1921 /* GirlCell.xib in Resources */ = {isa = PBXBuildFile; fileRef = B93C64191D1CDE9C000F1921 /* GirlCell.xib */; };
		B93C641D1D1CEDB6000F1921 /* GirlModel.m in Sources */ = {isa = PBXBuildFile; fileRef = B93C641C1D1CEDB6000F1921 /* GirlModel.m */; };
		B9478D791D0FD7FD007AAAC1 /* BaseViewController.m in Sources */ = {isa = PBXBuildFile; fileRef = B9478D761D0FD7FD007AAAC1 /* BaseViewController.m */; };
		B9478D7A1D0FD7FD007AAAC1 /* MainTabViewController.m in Sources */ = {isa = PBXBuildFile; fileRef = B9478D781D0FD7FD007AAAC1 /* MainTabViewController.m */; };
		B9478DA31D0FD9EA007AAAC1 /* SDBallProgressView.m in Sources */ = {isa = PBXBuildFile; fileRef = B9478D951D0FD9EA007AAAC1 /* SDBallProgressView.m */; };
		B9478DA41D0FD9EA007AAAC1 /* SDBaseProgressView.m in Sources */ = {isa = PBXBuildFile; fileRef = B9478D971D0FD9EA007AAAC1 /* SDBaseProgressView.m */; };
		B9478DA51D0FD9EA007AAAC1 /* SDLoopProgressView.m in Sources */ = {isa = PBXBuildFile; fileRef = B9478D991D0FD9EA007AAAC1 /* SDLoopProgressView.m */; };
		B9478DA61D0FD9EA007AAAC1 /* SDPieLoopProgressView.m in Sources */ = {isa = PBXBuildFile; fileRef = B9478D9B1D0FD9EA007AAAC1 /* SDPieLoopProgressView.m */; };
		B9478DA71D0FD9EA007AAAC1 /* SDPieProgressView.m in Sources */ = {isa = PBXBuildFile; fileRef = B9478D9D1D0FD9EA007AAAC1 /* SDPieProgressView.m */; };
		B9478DA81D0FD9EA007AAAC1 /* SDRotationLoopProgressView.m in Sources */ = {isa = PBXBuildFile; fileRef = B9478DA01D0FD9EA007AAAC1 /* SDRotationLoopProgressView.m */; };
		B9478DA91D0FD9EA007AAAC1 /* SDTransparentPieProgressView.m in Sources */ = {isa = PBXBuildFile; fileRef = B9478DA21D0FD9EA007AAAC1 /* SDTransparentPieProgressView.m */; };
		B9478DAD1D0FDE70007AAAC1 /* Member.m in Sources */ = {isa = PBXBuildFile; fileRef = B9478DAC1D0FDE70007AAAC1 /* Member.m */; };
		B9478DD61D0FEFA7007AAAC1 /* MessageBox.storyboard in Resources */ = {isa = PBXBuildFile; fileRef = B9478DB11D0FEFA7007AAAC1 /* MessageBox.storyboard */; };
		B9478DD71D0FEFA7007AAAC1 /* MessageBoxViewController.m in Sources */ = {isa = PBXBuildFile; fileRef = B9478DB31D0FEFA7007AAAC1 /* MessageBoxViewController.m */; };
		B9478DD81D0FEFA7007AAAC1 /* My.storyboard in Resources */ = {isa = PBXBuildFile; fileRef = B9478DB51D0FEFA7007AAAC1 /* My.storyboard */; };
		B9478DD91D0FEFA7007AAAC1 /* MyViewController.m in Sources */ = {isa = PBXBuildFile; fileRef = B9478DB71D0FEFA7007AAAC1 /* MyViewController.m */; };
		B9478DDA1D0FEFA7007AAAC1 /* Neighbour.storyboard in Resources */ = {isa = PBXBuildFile; fileRef = B9478DB91D0FEFA7007AAAC1 /* Neighbour.storyboard */; };
		B9478DDB1D0FEFA7007AAAC1 /* NeighbourViewController.m in Sources */ = {isa = PBXBuildFile; fileRef = B9478DBB1D0FEFA7007AAAC1 /* NeighbourViewController.m */; };
		B9478DDE1D0FEFA7007AAAC1 /* GirlDetailViewController.m in Sources */ = {isa = PBXBuildFile; fileRef = B9478DC31D0FEFA7007AAAC1 /* GirlDetailViewController.m */; };
		B9478DDF1D0FEFA7007AAAC1 /* YuanFen.storyboard in Resources */ = {isa = PBXBuildFile; fileRef = B9478DC41D0FEFA7007AAAC1 /* YuanFen.storyboard */; };
		B9478DE01D0FEFA7007AAAC1 /* YuanFenViewController.m in Sources */ = {isa = PBXBuildFile; fileRef = B9478DC61D0FEFA7007AAAC1 /* YuanFenViewController.m */; };
		B9478DE21D0FEFA7007AAAC1 /* GDCustomCell.m in Sources */ = {isa = PBXBuildFile; fileRef = B9478DCD1D0FEFA7007AAAC1 /* GDCustomCell.m */; };
		B9478DE31D0FEFA7007AAAC1 /* GDCustomCell.xib in Resources */ = {isa = PBXBuildFile; fileRef = B9478DCE1D0FEFA7007AAAC1 /* GDCustomCell.xib */; };
		B9478DE41D0FEFA7007AAAC1 /* JLPhoto.m in Sources */ = {isa = PBXBuildFile; fileRef = B9478DD01D0FEFA7007AAAC1 /* JLPhoto.m */; };
		B9478DE51D0FEFA7007AAAC1 /* JLPhotoBrowser.m in Sources */ = {isa = PBXBuildFile; fileRef = B9478DD21D0FEFA7007AAAC1 /* JLPhotoBrowser.m */; };
		B9478DE61D0FEFA7007AAAC1 /* YFCustomCell.m in Sources */ = {isa = PBXBuildFile; fileRef = B9478DD41D0FEFA7007AAAC1 /* YFCustomCell.m */; };
		B9478DE71D0FEFA7007AAAC1 /* YFCustomCell.xib in Resources */ = {isa = PBXBuildFile; fileRef = B9478DD51D0FEFA7007AAAC1 /* YFCustomCell.xib */; };
		B9478DEE1D0FF5C5007AAAC1 /* GirlDetailCell.m in Sources */ = {isa = PBXBuildFile; fileRef = B9478DED1D0FF5C5007AAAC1 /* GirlDetailCell.m */; };
		B9478DF11D10F5B9007AAAC1 /* GirlDetailModel.m in Sources */ = {isa = PBXBuildFile; fileRef = B9478DF01D10F5B9007AAAC1 /* GirlDetailModel.m */; };
		B9478DF61D13B733007AAAC1 /* AudioManager.m in Sources */ = {isa = PBXBuildFile; fileRef = B9478DF51D13B733007AAAC1 /* AudioManager.m */; };
		B9478DFA1D13B920007AAAC1 /* test.m4a in Resources */ = {isa = PBXBuildFile; fileRef = B9478DF91D13B920007AAAC1 /* test.m4a */; };
/* End PBXBuildFile section */

/* Begin PBXFileReference section */
		09B382FD608A68800DB59ABB /* Pods-YueAi.release.xcconfig */ = {isa = PBXFileReference; includeInIndex = 1; lastKnownFileType = text.xcconfig; name = "Pods-YueAi.release.xcconfig"; path = "Pods/Target Support Files/Pods-YueAi/Pods-YueAi.release.xcconfig"; sourceTree = "<group>"; };
		60C508564474F1EF994EC93B /* libPods-YueAi.a */ = {isa = PBXFileReference; explicitFileType = archive.ar; includeInIndex = 0; path = "libPods-YueAi.a"; sourceTree = BUILT_PRODUCTS_DIR; };
		B90D75EB1CF6EDF600964D3D /* YueAi.app */ = {isa = PBXFileReference; explicitFileType = wrapper.application; includeInIndex = 0; path = YueAi.app; sourceTree = BUILT_PRODUCTS_DIR; };
		B90D75EF1CF6EDF700964D3D /* main.m */ = {isa = PBXFileReference; lastKnownFileType = sourcecode.c.objc; path = main.m; sourceTree = "<group>"; };
		B90D75F11CF6EDF700964D3D /* AppDelegate.h */ = {isa = PBXFileReference; lastKnownFileType = sourcecode.c.h; path = AppDelegate.h; sourceTree = "<group>"; };
		B90D75F21CF6EDF700964D3D /* AppDelegate.m */ = {isa = PBXFileReference; lastKnownFileType = sourcecode.c.objc; path = AppDelegate.m; sourceTree = "<group>"; };
		B90D75F81CF6EDF700964D3D /* Base */ = {isa = PBXFileReference; lastKnownFileType = file.storyboard; name = Base; path = Base.lproj/Main.storyboard; sourceTree = "<group>"; };
		B90D75FA1CF6EDF700964D3D /* Assets.xcassets */ = {isa = PBXFileReference; lastKnownFileType = folder.assetcatalog; path = Assets.xcassets; sourceTree = "<group>"; };
		B90D75FD1CF6EDF700964D3D /* Base */ = {isa = PBXFileReference; lastKnownFileType = file.storyboard; name = Base; path = Base.lproj/LaunchScreen.storyboard; sourceTree = "<group>"; };
		B90D75FF1CF6EDF700964D3D /* Info.plist */ = {isa = PBXFileReference; lastKnownFileType = text.plist.xml; path = Info.plist; sourceTree = "<group>"; };
		B927840A1D01787B009715E5 /* BaseNavigationController.h */ = {isa = PBXFileReference; fileEncoding = 4; lastKnownFileType = sourcecode.c.h; path = BaseNavigationController.h; sourceTree = "<group>"; };
		B927840B1D01787B009715E5 /* BaseNavigationController.m */ = {isa = PBXFileReference; fileEncoding = 4; lastKnownFileType = sourcecode.c.objc; path = BaseNavigationController.m; sourceTree = "<group>"; };
		B93C640F1D1CDE1B000F1921 /* Search.storyboard */ = {isa = PBXFileReference; fileEncoding = 4; lastKnownFileType = file.storyboard; path = Search.storyboard; sourceTree = "<group>"; };
		B93C64101D1CDE1B000F1921 /* SearchViewController.h */ = {isa = PBXFileReference; fileEncoding = 4; lastKnownFileType = sourcecode.c.h; path = SearchViewController.h; sourceTree = "<group>"; };
		B93C64111D1CDE1B000F1921 /* SearchViewController.m */ = {isa = PBXFileReference; fileEncoding = 4; lastKnownFileType = sourcecode.c.objc; path = SearchViewController.m; sourceTree = "<group>"; };
		B93C64161D1CDE89000F1921 /* GirlCell.h */ = {isa = PBXFileReference; fileEncoding = 4; lastKnownFileType = sourcecode.c.h; path = GirlCell.h; sourceTree = "<group>"; };
		B93C64171D1CDE89000F1921 /* GirlCell.m */ = {isa = PBXFileReference; fileEncoding = 4; lastKnownFileType = sourcecode.c.objc; path = GirlCell.m; sourceTree = "<group>"; };
		B93C64191D1CDE9C000F1921 /* GirlCell.xib */ = {isa = PBXFileReference; fileEncoding = 4; lastKnownFileType = file.xib; path = GirlCell.xib; sourceTree = "<group>"; };
		B93C641B1D1CEDB6000F1921 /* GirlModel.h */ = {isa = PBXFileReference; fileEncoding = 4; lastKnownFileType = sourcecode.c.h; path = GirlModel.h; sourceTree = "<group>"; };
		B93C641C1D1CEDB6000F1921 /* GirlModel.m */ = {isa = PBXFileReference; fileEncoding = 4; lastKnownFileType = sourcecode.c.objc; path = GirlModel.m; sourceTree = "<group>"; };
		B944B4C71CF80E3F006B6D93 /* PrefixHeader.pch */ = {isa = PBXFileReference; lastKnownFileType = sourcecode.c.h; path = PrefixHeader.pch; sourceTree = "<group>"; };
		B9478D751D0FD7FD007AAAC1 /* BaseViewController.h */ = {isa = PBXFileReference; fileEncoding = 4; lastKnownFileType = sourcecode.c.h; path = BaseViewController.h; sourceTree = "<group>"; };
		B9478D761D0FD7FD007AAAC1 /* BaseViewController.m */ = {isa = PBXFileReference; fileEncoding = 4; lastKnownFileType = sourcecode.c.objc; path = BaseViewController.m; sourceTree = "<group>"; };
		B9478D771D0FD7FD007AAAC1 /* MainTabViewController.h */ = {isa = PBXFileReference; fileEncoding = 4; lastKnownFileType = sourcecode.c.h; path = MainTabViewController.h; sourceTree = "<group>"; };
		B9478D781D0FD7FD007AAAC1 /* MainTabViewController.m */ = {isa = PBXFileReference; fileEncoding = 4; lastKnownFileType = sourcecode.c.objc; path = MainTabViewController.m; sourceTree = "<group>"; };
		B9478D941D0FD9EA007AAAC1 /* SDBallProgressView.h */ = {isa = PBXFileReference; fileEncoding = 4; lastKnownFileType = sourcecode.c.h; path = SDBallProgressView.h; sourceTree = "<group>"; };
		B9478D951D0FD9EA007AAAC1 /* SDBallProgressView.m */ = {isa = PBXFileReference; fileEncoding = 4; lastKnownFileType = sourcecode.c.objc; path = SDBallProgressView.m; sourceTree = "<group>"; };
		B9478D961D0FD9EA007AAAC1 /* SDBaseProgressView.h */ = {isa = PBXFileReference; fileEncoding = 4; lastKnownFileType = sourcecode.c.h; path = SDBaseProgressView.h; sourceTree = "<group>"; };
		B9478D971D0FD9EA007AAAC1 /* SDBaseProgressView.m */ = {isa = PBXFileReference; fileEncoding = 4; lastKnownFileType = sourcecode.c.objc; path = SDBaseProgressView.m; sourceTree = "<group>"; };
		B9478D981D0FD9EA007AAAC1 /* SDLoopProgressView.h */ = {isa = PBXFileReference; fileEncoding = 4; lastKnownFileType = sourcecode.c.h; path = SDLoopProgressView.h; sourceTree = "<group>"; };
		B9478D991D0FD9EA007AAAC1 /* SDLoopProgressView.m */ = {isa = PBXFileReference; fileEncoding = 4; lastKnownFileType = sourcecode.c.objc; path = SDLoopProgressView.m; sourceTree = "<group>"; };
		B9478D9A1D0FD9EA007AAAC1 /* SDPieLoopProgressView.h */ = {isa = PBXFileReference; fileEncoding = 4; lastKnownFileType = sourcecode.c.h; path = SDPieLoopProgressView.h; sourceTree = "<group>"; };
		B9478D9B1D0FD9EA007AAAC1 /* SDPieLoopProgressView.m */ = {isa = PBXFileReference; fileEncoding = 4; lastKnownFileType = sourcecode.c.objc; path = SDPieLoopProgressView.m; sourceTree = "<group>"; };
		B9478D9C1D0FD9EA007AAAC1 /* SDPieProgressView.h */ = {isa = PBXFileReference; fileEncoding = 4; lastKnownFileType = sourcecode.c.h; path = SDPieProgressView.h; sourceTree = "<group>"; };
		B9478D9D1D0FD9EA007AAAC1 /* SDPieProgressView.m */ = {isa = PBXFileReference; fileEncoding = 4; lastKnownFileType = sourcecode.c.objc; path = SDPieProgressView.m; sourceTree = "<group>"; };
		B9478D9E1D0FD9EA007AAAC1 /* SDProgressView.h */ = {isa = PBXFileReference; fileEncoding = 4; lastKnownFileType = sourcecode.c.h; path = SDProgressView.h; sourceTree = "<group>"; };
		B9478D9F1D0FD9EA007AAAC1 /* SDRotationLoopProgressView.h */ = {isa = PBXFileReference; fileEncoding = 4; lastKnownFileType = sourcecode.c.h; path = SDRotationLoopProgressView.h; sourceTree = "<group>"; };
		B9478DA01D0FD9EA007AAAC1 /* SDRotationLoopProgressView.m */ = {isa = PBXFileReference; fileEncoding = 4; lastKnownFileType = sourcecode.c.objc; path = SDRotationLoopProgressView.m; sourceTree = "<group>"; };
		B9478DA11D0FD9EA007AAAC1 /* SDTransparentPieProgressView.h */ = {isa = PBXFileReference; fileEncoding = 4; lastKnownFileType = sourcecode.c.h; path = SDTransparentPieProgressView.h; sourceTree = "<group>"; };
		B9478DA21D0FD9EA007AAAC1 /* SDTransparentPieProgressView.m */ = {isa = PBXFileReference; fileEncoding = 4; lastKnownFileType = sourcecode.c.objc; path = SDTransparentPieProgressView.m; sourceTree = "<group>"; };
		B9478DAB1D0FDE70007AAAC1 /* Member.h */ = {isa = PBXFileReference; fileEncoding = 4; lastKnownFileType = sourcecode.c.h; path = Member.h; sourceTree = "<group>"; };
		B9478DAC1D0FDE70007AAAC1 /* Member.m */ = {isa = PBXFileReference; fileEncoding = 4; lastKnownFileType = sourcecode.c.objc; path = Member.m; sourceTree = "<group>"; };
		B9478DAE1D0FEF2A007AAAC1 /* CommonDefine.h */ = {isa = PBXFileReference; fileEncoding = 4; lastKnownFileType = sourcecode.c.h; path = CommonDefine.h; sourceTree = "<group>"; };
		B9478DB11D0FEFA7007AAAC1 /* MessageBox.storyboard */ = {isa = PBXFileReference; fileEncoding = 4; lastKnownFileType = file.storyboard; path = MessageBox.storyboard; sourceTree = "<group>"; };
		B9478DB21D0FEFA7007AAAC1 /* MessageBoxViewController.h */ = {isa = PBXFileReference; fileEncoding = 4; lastKnownFileType = sourcecode.c.h; path = MessageBoxViewController.h; sourceTree = "<group>"; };
		B9478DB31D0FEFA7007AAAC1 /* MessageBoxViewController.m */ = {isa = PBXFileReference; fileEncoding = 4; lastKnownFileType = sourcecode.c.objc; path = MessageBoxViewController.m; sourceTree = "<group>"; };
		B9478DB51D0FEFA7007AAAC1 /* My.storyboard */ = {isa = PBXFileReference; fileEncoding = 4; lastKnownFileType = file.storyboard; path = My.storyboard; sourceTree = "<group>"; };
		B9478DB61D0FEFA7007AAAC1 /* MyViewController.h */ = {isa = PBXFileReference; fileEncoding = 4; lastKnownFileType = sourcecode.c.h; path = MyViewController.h; sourceTree = "<group>"; };
		B9478DB71D0FEFA7007AAAC1 /* MyViewController.m */ = {isa = PBXFileReference; fileEncoding = 4; lastKnownFileType = sourcecode.c.objc; path = MyViewController.m; sourceTree = "<group>"; };
		B9478DB91D0FEFA7007AAAC1 /* Neighbour.storyboard */ = {isa = PBXFileReference; fileEncoding = 4; lastKnownFileType = file.storyboard; path = Neighbour.storyboard; sourceTree = "<group>"; };
		B9478DBA1D0FEFA7007AAAC1 /* NeighbourViewController.h */ = {isa = PBXFileReference; fileEncoding = 4; lastKnownFileType = sourcecode.c.h; path = NeighbourViewController.h; sourceTree = "<group>"; };
		B9478DBB1D0FEFA7007AAAC1 /* NeighbourViewController.m */ = {isa = PBXFileReference; fileEncoding = 4; lastKnownFileType = sourcecode.c.objc; path = NeighbourViewController.m; sourceTree = "<group>"; };
		B9478DC21D0FEFA7007AAAC1 /* GirlDetailViewController.h */ = {isa = PBXFileReference; fileEncoding = 4; lastKnownFileType = sourcecode.c.h; path = GirlDetailViewController.h; sourceTree = "<group>"; };
		B9478DC31D0FEFA7007AAAC1 /* GirlDetailViewController.m */ = {isa = PBXFileReference; fileEncoding = 4; lastKnownFileType = sourcecode.c.objc; path = GirlDetailViewController.m; sourceTree = "<group>"; };
		B9478DC41D0FEFA7007AAAC1 /* YuanFen.storyboard */ = {isa = PBXFileReference; fileEncoding = 4; lastKnownFileType = file.storyboard; path = YuanFen.storyboard; sourceTree = "<group>"; };
		B9478DC51D0FEFA7007AAAC1 /* YuanFenViewController.h */ = {isa = PBXFileReference; fileEncoding = 4; lastKnownFileType = sourcecode.c.h; path = YuanFenViewController.h; sourceTree = "<group>"; };
		B9478DC61D0FEFA7007AAAC1 /* YuanFenViewController.m */ = {isa = PBXFileReference; fileEncoding = 4; lastKnownFileType = sourcecode.c.objc; path = YuanFenViewController.m; sourceTree = "<group>"; };
		B9478DCC1D0FEFA7007AAAC1 /* GDCustomCell.h */ = {isa = PBXFileReference; fileEncoding = 4; lastKnownFileType = sourcecode.c.h; path = GDCustomCell.h; sourceTree = "<group>"; };
		B9478DCD1D0FEFA7007AAAC1 /* GDCustomCell.m */ = {isa = PBXFileReference; fileEncoding = 4; lastKnownFileType = sourcecode.c.objc; path = GDCustomCell.m; sourceTree = "<group>"; };
		B9478DCE1D0FEFA7007AAAC1 /* GDCustomCell.xib */ = {isa = PBXFileReference; fileEncoding = 4; lastKnownFileType = file.xib; path = GDCustomCell.xib; sourceTree = "<group>"; };
		B9478DCF1D0FEFA7007AAAC1 /* JLPhoto.h */ = {isa = PBXFileReference; fileEncoding = 4; lastKnownFileType = sourcecode.c.h; path = JLPhoto.h; sourceTree = "<group>"; };
		B9478DD01D0FEFA7007AAAC1 /* JLPhoto.m */ = {isa = PBXFileReference; fileEncoding = 4; lastKnownFileType = sourcecode.c.objc; path = JLPhoto.m; sourceTree = "<group>"; };
		B9478DD11D0FEFA7007AAAC1 /* JLPhotoBrowser.h */ = {isa = PBXFileReference; fileEncoding = 4; lastKnownFileType = sourcecode.c.h; path = JLPhotoBrowser.h; sourceTree = "<group>"; };
		B9478DD21D0FEFA7007AAAC1 /* JLPhotoBrowser.m */ = {isa = PBXFileReference; fileEncoding = 4; lastKnownFileType = sourcecode.c.objc; path = JLPhotoBrowser.m; sourceTree = "<group>"; };
		B9478DD31D0FEFA7007AAAC1 /* YFCustomCell.h */ = {isa = PBXFileReference; fileEncoding = 4; lastKnownFileType = sourcecode.c.h; path = YFCustomCell.h; sourceTree = "<group>"; };
		B9478DD41D0FEFA7007AAAC1 /* YFCustomCell.m */ = {isa = PBXFileReference; fileEncoding = 4; lastKnownFileType = sourcecode.c.objc; path = YFCustomCell.m; sourceTree = "<group>"; };
		B9478DD51D0FEFA7007AAAC1 /* YFCustomCell.xib */ = {isa = PBXFileReference; fileEncoding = 4; lastKnownFileType = file.xib; path = YFCustomCell.xib; sourceTree = "<group>"; };
		B9478DEC1D0FF5C5007AAAC1 /* GirlDetailCell.h */ = {isa = PBXFileReference; fileEncoding = 4; lastKnownFileType = sourcecode.c.h; path = GirlDetailCell.h; sourceTree = "<group>"; };
		B9478DED1D0FF5C5007AAAC1 /* GirlDetailCell.m */ = {isa = PBXFileReference; fileEncoding = 4; lastKnownFileType = sourcecode.c.objc; path = GirlDetailCell.m; sourceTree = "<group>"; };
		B9478DEF1D10F5B9007AAAC1 /* GirlDetailModel.h */ = {isa = PBXFileReference; fileEncoding = 4; lastKnownFileType = sourcecode.c.h; path = GirlDetailModel.h; sourceTree = "<group>"; };
		B9478DF01D10F5B9007AAAC1 /* GirlDetailModel.m */ = {isa = PBXFileReference; fileEncoding = 4; lastKnownFileType = sourcecode.c.objc; path = GirlDetailModel.m; sourceTree = "<group>"; };
		B9478DF41D13B733007AAAC1 /* AudioManager.h */ = {isa = PBXFileReference; fileEncoding = 4; lastKnownFileType = sourcecode.c.h; path = AudioManager.h; sourceTree = "<group>"; };
		B9478DF51D13B733007AAAC1 /* AudioManager.m */ = {isa = PBXFileReference; fileEncoding = 4; lastKnownFileType = sourcecode.c.objc; path = AudioManager.m; sourceTree = "<group>"; };
		B9478DF91D13B920007AAAC1 /* test.m4a */ = {isa = PBXFileReference; lastKnownFileType = file; path = test.m4a; sourceTree = "<group>"; };
		D967A46A904722CEF7B04DA0 /* Pods-YueAi.debug.xcconfig */ = {isa = PBXFileReference; includeInIndex = 1; lastKnownFileType = text.xcconfig; name = "Pods-YueAi.debug.xcconfig"; path = "Pods/Target Support Files/Pods-YueAi/Pods-YueAi.debug.xcconfig"; sourceTree = "<group>"; };
/* End PBXFileReference section */

/* Begin PBXFrameworksBuildPhase section */
		B90D75E81CF6EDF600964D3D /* Frameworks */ = {
			isa = PBXFrameworksBuildPhase;
			buildActionMask = 2147483647;
			files = (
				85BC2E0DC2D8B9EDB7C53A39 /* libPods-YueAi.a in Frameworks */,
			);
			runOnlyForDeploymentPostprocessing = 0;
		};
/* End PBXFrameworksBuildPhase section */

/* Begin PBXGroup section */
		6F609602EA9226E5D6D33051 /* Frameworks */ = {
			isa = PBXGroup;
			children = (
				60C508564474F1EF994EC93B /* libPods-YueAi.a */,
			);
			name = Frameworks;
			sourceTree = "<group>";
		};
		98A884FDD97FF51E5444AE7E /* Pods */ = {
			isa = PBXGroup;
			children = (
				D967A46A904722CEF7B04DA0 /* Pods-YueAi.debug.xcconfig */,
				09B382FD608A68800DB59ABB /* Pods-YueAi.release.xcconfig */,
			);
			name = Pods;
			sourceTree = "<group>";
		};
		B90D75E21CF6EDF600964D3D = {
			isa = PBXGroup;
			children = (
				B90D75ED1CF6EDF700964D3D /* YueAi */,
				B90D75EC1CF6EDF600964D3D /* Products */,
				98A884FDD97FF51E5444AE7E /* Pods */,
				6F609602EA9226E5D6D33051 /* Frameworks */,
			);
			sourceTree = "<group>";
		};
		B90D75EC1CF6EDF600964D3D /* Products */ = {
			isa = PBXGroup;
			children = (
				B90D75EB1CF6EDF600964D3D /* YueAi.app */,
			);
			name = Products;
			sourceTree = "<group>";
		};
		B90D75ED1CF6EDF700964D3D /* YueAi */ = {
			isa = PBXGroup;
			children = (
				B9478DAF1D0FEFA7007AAAC1 /* Controllers */,
				B9478DAA1D0FDE5D007AAAC1 /* User */,
				B9478D7B1D0FD834007AAAC1 /* Lib */,
				B944B4D31CF84540006B6D93 /* Public */,
				B944B4D41CF8456F006B6D93 /* Main */,
				B90D75F11CF6EDF700964D3D /* AppDelegate.h */,
				B90D75F21CF6EDF700964D3D /* AppDelegate.m */,
				B90D75FA1CF6EDF700964D3D /* Assets.xcassets */,
				B90D75FC1CF6EDF700964D3D /* LaunchScreen.storyboard */,
				B90D75FF1CF6EDF700964D3D /* Info.plist */,
				B90D75EE1CF6EDF700964D3D /* Supporting Files */,
				B944B4C71CF80E3F006B6D93 /* PrefixHeader.pch */,
			);
			path = YueAi;
			sourceTree = "<group>";
		};
		B90D75EE1CF6EDF700964D3D /* Supporting Files */ = {
			isa = PBXGroup;
			children = (
				B9478DF91D13B920007AAAC1 /* test.m4a */,
				B90D75EF1CF6EDF700964D3D /* main.m */,
			);
			name = "Supporting Files";
			sourceTree = "<group>";
		};
		B93C640E1D1CDE1B000F1921 /* Controller */ = {
			isa = PBXGroup;
			children = (
				B93C640F1D1CDE1B000F1921 /* Search.storyboard */,
				B93C64101D1CDE1B000F1921 /* SearchViewController.h */,
				B93C64111D1CDE1B000F1921 /* SearchViewController.m */,
			);
			path = Controller;
			sourceTree = "<group>";
		};
		B93C64121D1CDE1B000F1921 /* Model */ = {
			isa = PBXGroup;
			children = (
				B93C641B1D1CEDB6000F1921 /* GirlModel.h */,
				B93C641C1D1CEDB6000F1921 /* GirlModel.m */,
			);
			path = Model;
			sourceTree = "<group>";
		};
		B93C64131D1CDE1B000F1921 /* View */ = {
			isa = PBXGroup;
			children = (
				B93C64161D1CDE89000F1921 /* GirlCell.h */,
				B93C64171D1CDE89000F1921 /* GirlCell.m */,
				B93C64191D1CDE9C000F1921 /* GirlCell.xib */,
			);
			path = View;
			sourceTree = "<group>";
		};
		B944B4D31CF84540006B6D93 /* Public */ = {
			isa = PBXGroup;
			children = (
				B9478DAE1D0FEF2A007AAAC1 /* CommonDefine.h */,
			);
			path = Public;
			sourceTree = "<group>";
		};
		B944B4D41CF8456F006B6D93 /* Main */ = {
			isa = PBXGroup;
			children = (
				B9478D751D0FD7FD007AAAC1 /* BaseViewController.h */,
				B9478D761D0FD7FD007AAAC1 /* BaseViewController.m */,
				B9478D771D0FD7FD007AAAC1 /* MainTabViewController.h */,
				B9478D781D0FD7FD007AAAC1 /* MainTabViewController.m */,
				B927840A1D01787B009715E5 /* BaseNavigationController.h */,
				B927840B1D01787B009715E5 /* BaseNavigationController.m */,
				B90D75F71CF6EDF700964D3D /* Main.storyboard */,
			);
			path = Main;
			sourceTree = "<group>";
		};
		B9478D7B1D0FD834007AAAC1 /* Lib */ = {
			isa = PBXGroup;
			children = (
				B9478D931D0FD9EA007AAAC1 /* SDProgressView */,
			);
			path = Lib;
			sourceTree = "<group>";
		};
		B9478D931D0FD9EA007AAAC1 /* SDProgressView */ = {
			isa = PBXGroup;
			children = (
				B9478D941D0FD9EA007AAAC1 /* SDBallProgressView.h */,
				B9478D951D0FD9EA007AAAC1 /* SDBallProgressView.m */,
				B9478D961D0FD9EA007AAAC1 /* SDBaseProgressView.h */,
				B9478D971D0FD9EA007AAAC1 /* SDBaseProgressView.m */,
				B9478D981D0FD9EA007AAAC1 /* SDLoopProgressView.h */,
				B9478D991D0FD9EA007AAAC1 /* SDLoopProgressView.m */,
				B9478D9A1D0FD9EA007AAAC1 /* SDPieLoopProgressView.h */,
				B9478D9B1D0FD9EA007AAAC1 /* SDPieLoopProgressView.m */,
				B9478D9C1D0FD9EA007AAAC1 /* SDPieProgressView.h */,
				B9478D9D1D0FD9EA007AAAC1 /* SDPieProgressView.m */,
				B9478D9E1D0FD9EA007AAAC1 /* SDProgressView.h */,
				B9478D9F1D0FD9EA007AAAC1 /* SDRotationLoopProgressView.h */,
				B9478DA01D0FD9EA007AAAC1 /* SDRotationLoopProgressView.m */,
				B9478DA11D0FD9EA007AAAC1 /* SDTransparentPieProgressView.h */,
				B9478DA21D0FD9EA007AAAC1 /* SDTransparentPieProgressView.m */,
			);
			path = SDProgressView;
			sourceTree = "<group>";
		};
		B9478DAA1D0FDE5D007AAAC1 /* User */ = {
			isa = PBXGroup;
			children = (
				B9478DAB1D0FDE70007AAAC1 /* Member.h */,
				B9478DAC1D0FDE70007AAAC1 /* Member.m */,
			);
			path = User;
			sourceTree = "<group>";
		};
		B9478DAF1D0FEFA7007AAAC1 /* Controllers */ = {
			isa = PBXGroup;
			children = (
				B9478DF41D13B733007AAAC1 /* AudioManager.h */,
				B9478DF51D13B733007AAAC1 /* AudioManager.m */,
				B9478DF31D13B728007AAAC1 /* Others */,
				B9478DB01D0FEFA7007AAAC1 /* MessageBox */,
				B9478DB41D0FEFA7007AAAC1 /* My */,
				B9478DB81D0FEFA7007AAAC1 /* Neighbour */,
				B9478DBC1D0FEFA7007AAAC1 /* Search */,
				B9478DC01D0FEFA7007AAAC1 /* YuanFen */,
			);
			path = Controllers;
			sourceTree = "<group>";
		};
		B9478DB01D0FEFA7007AAAC1 /* MessageBox */ = {
			isa = PBXGroup;
			children = (
				B9478DB11D0FEFA7007AAAC1 /* MessageBox.storyboard */,
				B9478DB21D0FEFA7007AAAC1 /* MessageBoxViewController.h */,
				B9478DB31D0FEFA7007AAAC1 /* MessageBoxViewController.m */,
			);
			path = MessageBox;
			sourceTree = "<group>";
		};
		B9478DB41D0FEFA7007AAAC1 /* My */ = {
			isa = PBXGroup;
			children = (
				B9478DB51D0FEFA7007AAAC1 /* My.storyboard */,
				B9478DB61D0FEFA7007AAAC1 /* MyViewController.h */,
				B9478DB71D0FEFA7007AAAC1 /* MyViewController.m */,
			);
			path = My;
			sourceTree = "<group>";
		};
		B9478DB81D0FEFA7007AAAC1 /* Neighbour */ = {
			isa = PBXGroup;
			children = (
				B9478DB91D0FEFA7007AAAC1 /* Neighbour.storyboard */,
				B9478DBA1D0FEFA7007AAAC1 /* NeighbourViewController.h */,
				B9478DBB1D0FEFA7007AAAC1 /* NeighbourViewController.m */,
			);
			path = Neighbour;
			sourceTree = "<group>";
		};
		B9478DBC1D0FEFA7007AAAC1 /* Search */ = {
			isa = PBXGroup;
			children = (
				B93C640E1D1CDE1B000F1921 /* Controller */,
				B93C64121D1CDE1B000F1921 /* Model */,
				B93C64131D1CDE1B000F1921 /* View */,
			);
			path = Search;
			sourceTree = "<group>";
		};
		B9478DC01D0FEFA7007AAAC1 /* YuanFen */ = {
			isa = PBXGroup;
			children = (
				B9478DC81D0FEFA7007AAAC1 /* View */,
				B9478DC11D0FEFA7007AAAC1 /* Controller */,
				B9478DC71D0FEFA7007AAAC1 /* Model */,
			);
			path = YuanFen;
			sourceTree = "<group>";
		};
		B9478DC11D0FEFA7007AAAC1 /* Controller */ = {
			isa = PBXGroup;
			children = (
				B9478DC41D0FEFA7007AAAC1 /* YuanFen.storyboard */,
				B9478DC51D0FEFA7007AAAC1 /* YuanFenViewController.h */,
				B9478DC61D0FEFA7007AAAC1 /* YuanFenViewController.m */,
				B9478DC21D0FEFA7007AAAC1 /* GirlDetailViewController.h */,
				B9478DC31D0FEFA7007AAAC1 /* GirlDetailViewController.m */,
			);
			path = Controller;
			sourceTree = "<group>";
		};
		B9478DC71D0FEFA7007AAAC1 /* Model */ = {
			isa = PBXGroup;
			children = (
			);
			path = Model;
			sourceTree = "<group>";
		};
		B9478DC81D0FEFA7007AAAC1 /* View */ = {
			isa = PBXGroup;
			children = (
				B9478DEB1D0FF5C5007AAAC1 /* GirlDetailCell */,
				B9478DCC1D0FEFA7007AAAC1 /* GDCustomCell.h */,
				B9478DCD1D0FEFA7007AAAC1 /* GDCustomCell.m */,
				B9478DCE1D0FEFA7007AAAC1 /* GDCustomCell.xib */,
				B9478DCF1D0FEFA7007AAAC1 /* JLPhoto.h */,
				B9478DD01D0FEFA7007AAAC1 /* JLPhoto.m */,
				B9478DD11D0FEFA7007AAAC1 /* JLPhotoBrowser.h */,
				B9478DD21D0FEFA7007AAAC1 /* JLPhotoBrowser.m */,
				B9478DD31D0FEFA7007AAAC1 /* YFCustomCell.h */,
				B9478DD41D0FEFA7007AAAC1 /* YFCustomCell.m */,
				B9478DD51D0FEFA7007AAAC1 /* YFCustomCell.xib */,
			);
			path = View;
			sourceTree = "<group>";
		};
		B9478DEB1D0FF5C5007AAAC1 /* GirlDetailCell */ = {
			isa = PBXGroup;
			children = (
				B9478DEC1D0FF5C5007AAAC1 /* GirlDetailCell.h */,
				B9478DED1D0FF5C5007AAAC1 /* GirlDetailCell.m */,
				B9478DEF1D10F5B9007AAAC1 /* GirlDetailModel.h */,
				B9478DF01D10F5B9007AAAC1 /* GirlDetailModel.m */,
			);
			path = GirlDetailCell;
			sourceTree = "<group>";
		};
		B9478DF31D13B728007AAAC1 /* Others */ = {
			isa = PBXGroup;
			children = (
			);
			path = Others;
			sourceTree = "<group>";
		};
/* End PBXGroup section */

/* Begin PBXNativeTarget section */
		B90D75EA1CF6EDF600964D3D /* YueAi */ = {
			isa = PBXNativeTarget;
			buildConfigurationList = B90D76021CF6EDF700964D3D /* Build configuration list for PBXNativeTarget "YueAi" */;
			buildPhases = (
				F0DD2726352EF6E179C706A3 /* [CP] Check Pods Manifest.lock */,
				B90D75E71CF6EDF600964D3D /* Sources */,
				B90D75E81CF6EDF600964D3D /* Frameworks */,
				B90D75E91CF6EDF600964D3D /* Resources */,
				C7C4975F533CADEF9C785B69 /* [CP] Embed Pods Frameworks */,
				E42E6BFE1A6E27527CEDBE99 /* [CP] Copy Pods Resources */,
			);
			buildRules = (
			);
			dependencies = (
			);
			name = YueAi;
			productName = YueAi;
			productReference = B90D75EB1CF6EDF600964D3D /* YueAi.app */;
			productType = "com.apple.product-type.application";
		};
/* End PBXNativeTarget section */

/* Begin PBXProject section */
		B90D75E31CF6EDF600964D3D /* Project object */ = {
			isa = PBXProject;
			attributes = {
				LastUpgradeCheck = 0730;
				ORGANIZATIONNAME = "郭洪军";
				TargetAttributes = {
					B90D75EA1CF6EDF600964D3D = {
						CreatedOnToolsVersion = 7.3;
					};
				};
			};
			buildConfigurationList = B90D75E61CF6EDF600964D3D /* Build configuration list for PBXProject "YueAi" */;
			compatibilityVersion = "Xcode 3.2";
			developmentRegion = English;
			hasScannedForEncodings = 0;
			knownRegions = (
				en,
				Base,
			);
			mainGroup = B90D75E21CF6EDF600964D3D;
			productRefGroup = B90D75EC1CF6EDF600964D3D /* Products */;
			projectDirPath = "";
			projectRoot = "";
			targets = (
				B90D75EA1CF6EDF600964D3D /* YueAi */,
			);
		};
/* End PBXProject section */

/* Begin PBXResourcesBuildPhase section */
		B90D75E91CF6EDF600964D3D /* Resources */ = {
			isa = PBXResourcesBuildPhase;
			buildActionMask = 2147483647;
			files = (
				B90D75FE1CF6EDF700964D3D /* LaunchScreen.storyboard in Resources */,
				B90D75FB1CF6EDF700964D3D /* Assets.xcassets in Resources */,
				B9478DD61D0FEFA7007AAAC1 /* MessageBox.storyboard in Resources */,
				B93C641A1D1CDE9C000F1921 /* GirlCell.xib in Resources */,
				B9478DD81D0FEFA7007AAAC1 /* My.storyboard in Resources */,
				B9478DFA1D13B920007AAAC1 /* test.m4a in Resources */,
				B9478DE71D0FEFA7007AAAC1 /* YFCustomCell.xib in Resources */,
				B9478DE31D0FEFA7007AAAC1 /* GDCustomCell.xib in Resources */,
				B93C64141D1CDE1B000F1921 /* Search.storyboard in Resources */,
				B9478DDA1D0FEFA7007AAAC1 /* Neighbour.storyboard in Resources */,
				B90D75F91CF6EDF700964D3D /* Main.storyboard in Resources */,
				B9478DDF1D0FEFA7007AAAC1 /* YuanFen.storyboard in Resources */,
			);
			runOnlyForDeploymentPostprocessing = 0;
		};
/* End PBXResourcesBuildPhase section */

/* Begin PBXShellScriptBuildPhase section */
		C7C4975F533CADEF9C785B69 /* [CP] Embed Pods Frameworks */ = {
			isa = PBXShellScriptBuildPhase;
			buildActionMask = 2147483647;
			files = (
			);
			inputPaths = (
			);
			name = "[CP] Embed Pods Frameworks";
			outputPaths = (
			);
			runOnlyForDeploymentPostprocessing = 0;
			shellPath = /bin/sh;
			shellScript = "\"${SRCROOT}/Pods/Target Support Files/Pods-YueAi/Pods-YueAi-frameworks.sh\"\n";
			showEnvVarsInLog = 0;
		};
		E42E6BFE1A6E27527CEDBE99 /* [CP] Copy Pods Resources */ = {
			isa = PBXShellScriptBuildPhase;
			buildActionMask = 2147483647;
			files = (
			);
			inputPaths = (
			);
			name = "[CP] Copy Pods Resources";
			outputPaths = (
			);
			runOnlyForDeploymentPostprocessing = 0;
			shellPath = /bin/sh;
			shellScript = "\"${SRCROOT}/Pods/Target Support Files/Pods-YueAi/Pods-YueAi-resources.sh\"\n";
			showEnvVarsInLog = 0;
		};
		F0DD2726352EF6E179C706A3 /* [CP] Check Pods Manifest.lock */ = {
			isa = PBXShellScriptBuildPhase;
			buildActionMask = 2147483647;
			files = (
			);
			inputPaths = (
			);
			name = "[CP] Check Pods Manifest.lock";
			outputPaths = (
			);
			runOnlyForDeploymentPostprocessing = 0;
			shellPath = /bin/sh;
			shellScript = "diff \"${PODS_ROOT}/../Podfile.lock\" \"${PODS_ROOT}/Manifest.lock\" > /dev/null\nif [[ $? != 0 ]] ; then\n    cat << EOM\nerror: The sandbox is not in sync with the Podfile.lock. Run 'pod install' or update your CocoaPods installation.\nEOM\n    exit 1\nfi\n";
			showEnvVarsInLog = 0;
		};
/* End PBXShellScriptBuildPhase section */

/* Begin PBXSourcesBuildPhase section */
		B90D75E71CF6EDF600964D3D /* Sources */ = {
			isa = PBXSourcesBuildPhase;
			buildActionMask = 2147483647;
			files = (
				B9478DA71D0FD9EA007AAAC1 /* SDPieProgressView.m in Sources */,
				B9478D7A1D0FD7FD007AAAC1 /* MainTabViewController.m in Sources */,
				B9478DD71D0FEFA7007AAAC1 /* MessageBoxViewController.m in Sources */,
				B9478DE61D0FEFA7007AAAC1 /* YFCustomCell.m in Sources */,
				B9478DEE1D0FF5C5007AAAC1 /* GirlDetailCell.m in Sources */,
				B9478DDE1D0FEFA7007AAAC1 /* GirlDetailViewController.m in Sources */,
				B90D75F31CF6EDF700964D3D /* AppDelegate.m in Sources */,
				B9478DA91D0FD9EA007AAAC1 /* SDTransparentPieProgressView.m in Sources */,
				B9478DF61D13B733007AAAC1 /* AudioManager.m in Sources */,
				B9478DA81D0FD9EA007AAAC1 /* SDRotationLoopProgressView.m in Sources */,
				B93C64181D1CDE89000F1921 /* GirlCell.m in Sources */,
				B9478DDB1D0FEFA7007AAAC1 /* NeighbourViewController.m in Sources */,
				B9478DE51D0FEFA7007AAAC1 /* JLPhotoBrowser.m in Sources */,
				B9478D791D0FD7FD007AAAC1 /* BaseViewController.m in Sources */,
				B9478DA41D0FD9EA007AAAC1 /* SDBaseProgressView.m in Sources */,
				B93C64151D1CDE1B000F1921 /* SearchViewController.m in Sources */,
				B9478DA61D0FD9EA007AAAC1 /* SDPieLoopProgressView.m in Sources */,
				B9478DF11D10F5B9007AAAC1 /* GirlDetailModel.m in Sources */,
				B9478DD91D0FEFA7007AAAC1 /* MyViewController.m in Sources */,
				B927840C1D01787B009715E5 /* BaseNavigationController.m in Sources */,
				B9478DA31D0FD9EA007AAAC1 /* SDBallProgressView.m in Sources */,
				B9478DE41D0FEFA7007AAAC1 /* JLPhoto.m in Sources */,
				B90D75F01CF6EDF700964D3D /* main.m in Sources */,
				B9478DAD1D0FDE70007AAAC1 /* Member.m in Sources */,
				B9478DA51D0FD9EA007AAAC1 /* SDLoopProgressView.m in Sources */,
				B93C641D1D1CEDB6000F1921 /* GirlModel.m in Sources */,
				B9478DE01D0FEFA7007AAAC1 /* YuanFenViewController.m in Sources */,
				B9478DE21D0FEFA7007AAAC1 /* GDCustomCell.m in Sources */,
			);
			runOnlyForDeploymentPostprocessing = 0;
		};
/* End PBXSourcesBuildPhase section */

/* Begin PBXVariantGroup section */
		B90D75F71CF6EDF700964D3D /* Main.storyboard */ = {
			isa = PBXVariantGroup;
			children = (
				B90D75F81CF6EDF700964D3D /* Base */,
			);
			name = Main.storyboard;
			path = ..;
			sourceTree = "<group>";
		};
		B90D75FC1CF6EDF700964D3D /* LaunchScreen.storyboard */ = {
			isa = PBXVariantGroup;
			children = (
				B90D75FD1CF6EDF700964D3D /* Base */,
			);
			name = LaunchScreen.storyboard;
			sourceTree = "<group>";
		};
/* End PBXVariantGroup section */

/* Begin XCBuildConfiguration section */
		B90D76001CF6EDF700964D3D /* Debug */ = {
			isa = XCBuildConfiguration;
			buildSettings = {
				ALWAYS_SEARCH_USER_PATHS = NO;
				CLANG_ANALYZER_NONNULL = YES;
				CLANG_CXX_LANGUAGE_STANDARD = "gnu++0x";
				CLANG_CXX_LIBRARY = "libc++";
				CLANG_ENABLE_MODULES = YES;
				CLANG_ENABLE_OBJC_ARC = YES;
				CLANG_WARN_BOOL_CONVERSION = YES;
				CLANG_WARN_CONSTANT_CONVERSION = YES;
				CLANG_WARN_DIRECT_OBJC_ISA_USAGE = YES_ERROR;
				CLANG_WARN_EMPTY_BODY = YES;
				CLANG_WARN_ENUM_CONVERSION = YES;
				CLANG_WARN_INT_CONVERSION = YES;
				CLANG_WARN_OBJC_ROOT_CLASS = YES_ERROR;
				CLANG_WARN_UNREACHABLE_CODE = YES;
				CLANG_WARN__DUPLICATE_METHOD_MATCH = YES;
				"CODE_SIGN_IDENTITY[sdk=iphoneos*]" = "iPhone Developer";
				COPY_PHASE_STRIP = NO;
				DEBUG_INFORMATION_FORMAT = dwarf;
				ENABLE_STRICT_OBJC_MSGSEND = YES;
				ENABLE_TESTABILITY = YES;
				GCC_C_LANGUAGE_STANDARD = gnu99;
				GCC_DYNAMIC_NO_PIC = NO;
				GCC_NO_COMMON_BLOCKS = YES;
				GCC_OPTIMIZATION_LEVEL = 0;
				GCC_PREPROCESSOR_DEFINITIONS = (
					"DEBUG=1",
					"$(inherited)",
				);
				GCC_WARN_64_TO_32_BIT_CONVERSION = YES;
				GCC_WARN_ABOUT_RETURN_TYPE = YES_ERROR;
				GCC_WARN_UNDECLARED_SELECTOR = YES;
				GCC_WARN_UNINITIALIZED_AUTOS = YES_AGGRESSIVE;
				GCC_WARN_UNUSED_FUNCTION = YES;
				GCC_WARN_UNUSED_VARIABLE = YES;
				IPHONEOS_DEPLOYMENT_TARGET = 9.3;
				MTL_ENABLE_DEBUG_INFO = YES;
				ONLY_ACTIVE_ARCH = YES;
				SDKROOT = iphoneos;
				TARGETED_DEVICE_FAMILY = "1,2";
			};
			name = Debug;
		};
		B90D76011CF6EDF700964D3D /* Release */ = {
			isa = XCBuildConfiguration;
			buildSettings = {
				ALWAYS_SEARCH_USER_PATHS = NO;
				CLANG_ANALYZER_NONNULL = YES;
				CLANG_CXX_LANGUAGE_STANDARD = "gnu++0x";
				CLANG_CXX_LIBRARY = "libc++";
				CLANG_ENABLE_MODULES = YES;
				CLANG_ENABLE_OBJC_ARC = YES;
				CLANG_WARN_BOOL_CONVERSION = YES;
				CLANG_WARN_CONSTANT_CONVERSION = YES;
				CLANG_WARN_DIRECT_OBJC_ISA_USAGE = YES_ERROR;
				CLANG_WARN_EMPTY_BODY = YES;
				CLANG_WARN_ENUM_CONVERSION = YES;
				CLANG_WARN_INT_CONVERSION = YES;
				CLANG_WARN_OBJC_ROOT_CLASS = YES_ERROR;
				CLANG_WARN_UNREACHABLE_CODE = YES;
				CLANG_WARN__DUPLICATE_METHOD_MATCH = YES;
				"CODE_SIGN_IDENTITY[sdk=iphoneos*]" = "iPhone Developer";
				COPY_PHASE_STRIP = NO;
				DEBUG_INFORMATION_FORMAT = "dwarf-with-dsym";
				ENABLE_NS_ASSERTIONS = NO;
				ENABLE_STRICT_OBJC_MSGSEND = YES;
				GCC_C_LANGUAGE_STANDARD = gnu99;
				GCC_NO_COMMON_BLOCKS = YES;
				GCC_WARN_64_TO_32_BIT_CONVERSION = YES;
				GCC_WARN_ABOUT_RETURN_TYPE = YES_ERROR;
				GCC_WARN_UNDECLARED_SELECTOR = YES;
				GCC_WARN_UNINITIALIZED_AUTOS = YES_AGGRESSIVE;
				GCC_WARN_UNUSED_FUNCTION = YES;
				GCC_WARN_UNUSED_VARIABLE = YES;
				IPHONEOS_DEPLOYMENT_TARGET = 9.3;
				MTL_ENABLE_DEBUG_INFO = NO;
				SDKROOT = iphoneos;
				TARGETED_DEVICE_FAMILY = "1,2";
				VALIDATE_PRODUCT = YES;
			};
			name = Release;
		};
		B90D76031CF6EDF700964D3D /* Debug */ = {
			isa = XCBuildConfiguration;
			baseConfigurationReference = D967A46A904722CEF7B04DA0 /* Pods-YueAi.debug.xcconfig */;
			buildSettings = {
				ASSETCATALOG_COMPILER_APPICON_NAME = AppIcon;
				GCC_PREFIX_HEADER = "$(SRCROOT)/YueAi/PrefixHeader.pch";
				INFOPLIST_FILE = YueAi/Info.plist;
				IPHONEOS_DEPLOYMENT_TARGET = 8.0;
				LD_RUNPATH_SEARCH_PATHS = "$(inherited) @executable_path/Frameworks";
				PRODUCT_BUNDLE_IDENTIFIER = com.adwan.YueAi;
				PRODUCT_NAME = "$(TARGET_NAME)";
			};
			name = Debug;
		};
		B90D76041CF6EDF700964D3D /* Release */ = {
			isa = XCBuildConfiguration;
			baseConfigurationReference = 09B382FD608A68800DB59ABB /* Pods-YueAi.release.xcconfig */;
			buildSettings = {
				ASSETCATALOG_COMPILER_APPICON_NAME = AppIcon;
				GCC_PREFIX_HEADER = "$(SRCROOT)/YueAi/PrefixHeader.pch";
				INFOPLIST_FILE = YueAi/Info.plist;
				IPHONEOS_DEPLOYMENT_TARGET = 8.0;
				LD_RUNPATH_SEARCH_PATHS = "$(inherited) @executable_path/Frameworks";
				PRODUCT_BUNDLE_IDENTIFIER = com.adwan.YueAi;
				PRODUCT_NAME = "$(TARGET_NAME)";
			};
			name = Release;
		};
/* End XCBuildConfiguration section */

/* Begin XCConfigurationList section */
		B90D75E61CF6EDF600964D3D /* Build configuration list for PBXProject "YueAi" */ = {
			isa = XCConfigurationList;
			buildConfigurations = (
				B90D76001CF6EDF700964D3D /* Debug */,
				B90D76011CF6EDF700964D3D /* Release */,
			);
			defaultConfigurationIsVisible = 0;
			defaultConfigurationName = Release;
		};
		B90D76021CF6EDF700964D3D /* Build configuration list for PBXNativeTarget "YueAi" */ = {
			isa = XCConfigurationList;
			buildConfigurations = (
				B90D76031CF6EDF700964D3D /* Debug */,
				B90D76041CF6EDF700964D3D /* Release */,
			);
			defaultConfigurationIsVisible = 0;
			defaultConfigurationName = Release;
		};
/* End XCConfigurationList section */
	};
	rootObject = B90D75E31CF6EDF600964D3D /* Project object */;
}
